
Microsoft Visual Studio Solution File, Format Version 12.00
# Visual Studio 15
VisualStudioVersion = 15.0.27004.2002
MinimumVisualStudioVersion = 10.0.40219.1
Project("{FAE04EC0-301F-11D3-BF4B-00C04F79EFBC}") = "DroneLander.Android", "DroneLander\DroneLander.Android\DroneLander.Android.csproj", "{ABDAE53F-6C0C-4509-B799-E51F83BD35F2}"
EndProject
Project("{FAE04EC0-301F-11D3-BF4B-00C04F79EFBC}") = "DroneLander", "DroneLander\DroneLander\DroneLander.csproj", "{BA6AECE5-9862-49F8-B5CD-0AAFA647B754}"
EndProject
Project("{FAE04EC0-301F-11D3-BF4B-00C04F79EFBC}") = "DroneLander.UWP", "DroneLander\DroneLander.UWP\DroneLander.UWP.csproj", "{A5FA3D58-8E91-434A-908C-99A76D645FEA}"
EndProject
Project("{FAE04EC0-301F-11D3-BF4B-00C04F79EFBC}") = "DroneLander.iOS", "DroneLander\DroneLander.iOS\DroneLander.iOS.csproj", "{E674594D-46E2-41FC-B61D-74A7F245E1BE}"
EndProject
Global
	GlobalSection(SolutionConfigurationPlatforms) = preSolution
		Ad-Hoc|Any CPU = Ad-Hoc|Any CPU
		Ad-Hoc|ARM = Ad-Hoc|ARM
		Ad-Hoc|iPhone = Ad-Hoc|iPhone
		Ad-Hoc|iPhoneSimulator = Ad-Hoc|iPhoneSimulator
		Ad-Hoc|x64 = Ad-Hoc|x64
		Ad-Hoc|x86 = Ad-Hoc|x86
		AppStore|Any CPU = AppStore|Any CPU
		AppStore|ARM = AppStore|ARM
		AppStore|iPhone = AppStore|iPhone
		AppStore|iPhoneSimulator = AppStore|iPhoneSimulator
		AppStore|x64 = AppStore|x64
		AppStore|x86 = AppStore|x86
		Debug|Any CPU = Debug|Any CPU
		Debug|ARM = Debug|ARM
		Debug|iPhone = Debug|iPhone
		Debug|iPhoneSimulator = Debug|iPhoneSimulator
		Debug|x64 = Debug|x64
		Debug|x86 = Debug|x86
		Release|Any CPU = Release|Any CPU
		Release|ARM = Release|ARM
		Release|iPhone = Release|iPhone
		Release|iPhoneSimulator = Release|iPhoneSimulator
		Release|x64 = Release|x64
		Release|x86 = Release|x86
	EndGlobalSection
	GlobalSection(ProjectConfigurationPlatforms) = postSolution
		{ABDAE53F-6C0C-4509-B799-E51F83BD35F2}.Ad-Hoc|Any CPU.ActiveCfg = Release|Any CPU
		{ABDAE53F-6C0C-4509-B799-E51F83BD35F2}.Ad-Hoc|Any CPU.Build.0 = Release|Any CPU
		{ABDAE53F-6C0C-4509-B799-E51F83BD35F2}.Ad-Hoc|Any CPU.Deploy.0 = Release|Any CPU
		{ABDAE53F-6C0C-4509-B799-E51F83BD35F2}.Ad-Hoc|ARM.ActiveCfg = Release|Any CPU
		{ABDAE53F-6C0C-4509-B799-E51F83BD35F2}.Ad-Hoc|ARM.Build.0 = Release|Any CPU
		{ABDAE53F-6C0C-4509-B799-E51F83BD35F2}.Ad-Hoc|ARM.Deploy.0 = Release|Any CPU
		{ABDAE53F-6C0C-4509-B799-E51F83BD35F2}.Ad-Hoc|iPhone.ActiveCfg = Release|Any CPU
		{ABDAE53F-6C0C-4509-B799-E51F83BD35F2}.Ad-Hoc|iPhone.Build.0 = Release|Any CPU
		{ABDAE53F-6C0C-4509-B799-E51F83BD35F2}.Ad-Hoc|iPhone.Deploy.0 = Release|Any CPU
		{ABDAE53F-6C0C-4509-B799-E51F83BD35F2}.Ad-Hoc|iPhoneSimulator.ActiveCfg = Release|Any CPU
		{ABDAE53F-6C0C-4509-B799-E51F83BD35F2}.Ad-Hoc|iPhoneSimulator.Build.0 = Release|Any CPU
		{ABDAE53F-6C0C-4509-B799-E51F83BD35F2}.Ad-Hoc|iPhoneSimulator.Deploy.0 = Release|Any CPU
		{ABDAE53F-6C0C-4509-B799-E51F83BD35F2}.Ad-Hoc|x64.ActiveCfg = Release|Any CPU
		{ABDAE53F-6C0C-4509-B799-E51F83BD35F2}.Ad-Hoc|x64.Build.0 = Release|Any CPU
		{ABDAE53F-6C0C-4509-B799-E51F83BD35F2}.Ad-Hoc|x64.Deploy.0 = Release|Any CPU
		{ABDAE53F-6C0C-4509-B799-E51F83BD35F2}.Ad-Hoc|x86.ActiveCfg = Release|Any CPU
		{ABDAE53F-6C0C-4509-B799-E51F83BD35F2}.Ad-Hoc|x86.Build.0 = Release|Any CPU
		{ABDAE53F-6C0C-4509-B799-E51F83BD35F2}.Ad-Hoc|x86.Deploy.0 = Release|Any CPU
		{ABDAE53F-6C0C-4509-B799-E51F83BD35F2}.AppStore|Any CPU.ActiveCfg = Release|Any CPU
		{ABDAE53F-6C0C-4509-B799-E51F83BD35F2}.AppStore|Any CPU.Build.0 = Release|Any CPU
		{ABDAE53F-6C0C-4509-B799-E51F83BD35F2}.AppStore|Any CPU.Deploy.0 = Release|Any CPU
		{ABDAE53F-6C0C-4509-B799-E51F83BD35F2}.AppStore|ARM.ActiveCfg = Release|Any CPU
		{ABDAE53F-6C0C-4509-B799-E51F83BD35F2}.AppStore|ARM.Build.0 = Release|Any CPU
		{ABDAE53F-6C0C-4509-B799-E51F83BD35F2}.AppStore|ARM.Deploy.0 = Release|Any CPU
		{ABDAE53F-6C0C-4509-B799-E51F83BD35F2}.AppStore|iPhone.ActiveCfg = Release|Any CPU
		{ABDAE53F-6C0C-4509-B799-E51F83BD35F2}.AppStore|iPhone.Build.0 = Release|Any CPU
		{ABDAE53F-6C0C-4509-B799-E51F83BD35F2}.AppStore|iPhone.Deploy.0 = Release|Any CPU
		{ABDAE53F-6C0C-4509-B799-E51F83BD35F2}.AppStore|iPhoneSimulator.ActiveCfg = Release|Any CPU
		{ABDAE53F-6C0C-4509-B799-E51F83BD35F2}.AppStore|iPhoneSimulator.Build.0 = Release|Any CPU
		{ABDAE53F-6C0C-4509-B799-E51F83BD35F2}.AppStore|iPhoneSimulator.Deploy.0 = Release|Any CPU
		{ABDAE53F-6C0C-4509-B799-E51F83BD35F2}.AppStore|x64.ActiveCfg = Release|Any CPU
		{ABDAE53F-6C0C-4509-B799-E51F83BD35F2}.AppStore|x64.Build.0 = Release|Any CPU
		{ABDAE53F-6C0C-4509-B799-E51F83BD35F2}.AppStore|x64.Deploy.0 = Release|Any CPU
		{ABDAE53F-6C0C-4509-B799-E51F83BD35F2}.AppStore|x86.ActiveCfg = Release|Any CPU
		{ABDAE53F-6C0C-4509-B799-E51F83BD35F2}.AppStore|x86.Build.0 = Release|Any CPU
		{ABDAE53F-6C0C-4509-B799-E51F83BD35F2}.AppStore|x86.Deploy.0 = Release|Any CPU
		{ABDAE53F-6C0C-4509-B799-E51F83BD35F2}.Debug|Any CPU.ActiveCfg = Debug|Any CPU
		{ABDAE53F-6C0C-4509-B799-E51F83BD35F2}.Debug|Any CPU.Build.0 = Debug|Any CPU
		{ABDAE53F-6C0C-4509-B799-E51F83BD35F2}.Debug|Any CPU.Deploy.0 = Debug|Any CPU
		{ABDAE53F-6C0C-4509-B799-E51F83BD35F2}.Debug|ARM.ActiveCfg = Debug|Any CPU
		{ABDAE53F-6C0C-4509-B799-E51F83BD35F2}.Debug|ARM.Build.0 = Debug|Any CPU
		{ABDAE53F-6C0C-4509-B799-E51F83BD35F2}.Debug|ARM.Deploy.0 = Debug|Any CPU
		{ABDAE53F-6C0C-4509-B799-E51F83BD35F2}.Debug|iPhone.ActiveCfg = Debug|Any CPU
		{ABDAE53F-6C0C-4509-B799-E51F83BD35F2}.Debug|iPhone.Build.0 = Debug|Any CPU
		{ABDAE53F-6C0C-4509-B799-E51F83BD35F2}.Debug|iPhone.Deploy.0 = Debug|Any CPU
		{ABDAE53F-6C0C-4509-B799-E51F83BD35F2}.Debug|iPhoneSimulator.ActiveCfg = Debug|Any CPU
		{ABDAE53F-6C0C-4509-B799-E51F83BD35F2}.Debug|iPhoneSimulator.Build.0 = Debug|Any CPU
		{ABDAE53F-6C0C-4509-B799-E51F83BD35F2}.Debug|iPhoneSimulator.Deploy.0 = Debug|Any CPU
		{ABDAE53F-6C0C-4509-B799-E51F83BD35F2}.Debug|x64.ActiveCfg = Debug|Any CPU
		{ABDAE53F-6C0C-4509-B799-E51F83BD35F2}.Debug|x64.Build.0 = Debug|Any CPU
		{ABDAE53F-6C0C-4509-B799-E51F83BD35F2}.Debug|x64.Deploy.0 = Debug|Any CPU
		{ABDAE53F-6C0C-4509-B799-E51F83BD35F2}.Debug|x86.ActiveCfg = Debug|Any CPU
		{ABDAE53F-6C0C-4509-B799-E51F83BD35F2}.Debug|x86.Build.0 = Debug|Any CPU
		{ABDAE53F-6C0C-4509-B799-E51F83BD35F2}.Debug|x86.Deploy.0 = Debug|Any CPU
		{ABDAE53F-6C0C-4509-B799-E51F83BD35F2}.Release|Any CPU.ActiveCfg = Release|Any CPU
		{ABDAE53F-6C0C-4509-B799-E51F83BD35F2}.Release|Any CPU.Build.0 = Release|Any CPU
		{ABDAE53F-6C0C-4509-B799-E51F83BD35F2}.Release|Any CPU.Deploy.0 = Release|Any CPU
		{ABDAE53F-6C0C-4509-B799-E51F83BD35F2}.Release|ARM.ActiveCfg = Release|Any CPU
		{ABDAE53F-6C0C-4509-B799-E51F83BD35F2}.Release|ARM.Build.0 = Release|Any CPU
		{ABDAE53F-6C0C-4509-B799-E51F83BD35F2}.Release|ARM.Deploy.0 = Release|Any CPU
		{ABDAE53F-6C0C-4509-B799-E51F83BD35F2}.Release|iPhone.ActiveCfg = Release|Any CPU
		{ABDAE53F-6C0C-4509-B799-E51F83BD35F2}.Release|iPhone.Build.0 = Release|Any CPU
		{ABDAE53F-6C0C-4509-B799-E51F83BD35F2}.Release|iPhone.Deploy.0 = Release|Any CPU
		{ABDAE53F-6C0C-4509-B799-E51F83BD35F2}.Release|iPhoneSimulator.ActiveCfg = Release|Any CPU
		{ABDAE53F-6C0C-4509-B799-E51F83BD35F2}.Release|iPhoneSimulator.Build.0 = Release|Any CPU
		{ABDAE53F-6C0C-4509-B799-E51F83BD35F2}.Release|iPhoneSimulator.Deploy.0 = Release|Any CPU
		{ABDAE53F-6C0C-4509-B799-E51F83BD35F2}.Release|x64.ActiveCfg = Release|Any CPU
		{ABDAE53F-6C0C-4509-B799-E51F83BD35F2}.Release|x64.Build.0 = Release|Any CPU
		{ABDAE53F-6C0C-4509-B799-E51F83BD35F2}.Release|x64.Deploy.0 = Release|Any CPU
		{ABDAE53F-6C0C-4509-B799-E51F83BD35F2}.Release|x86.ActiveCfg = Release|Any CPU
		{ABDAE53F-6C0C-4509-B799-E51F83BD35F2}.Release|x86.Build.0 = Release|Any CPU
		{ABDAE53F-6C0C-4509-B799-E51F83BD35F2}.Release|x86.Deploy.0 = Release|Any CPU
		{BA6AECE5-9862-49F8-B5CD-0AAFA647B754}.Ad-Hoc|Any CPU.ActiveCfg = Release|Any CPU
		{BA6AECE5-9862-49F8-B5CD-0AAFA647B754}.Ad-Hoc|Any CPU.Build.0 = Release|Any CPU
		{BA6AECE5-9862-49F8-B5CD-0AAFA647B754}.Ad-Hoc|ARM.ActiveCfg = Release|Any CPU
		{BA6AECE5-9862-49F8-B5CD-0AAFA647B754}.Ad-Hoc|ARM.Build.0 = Release|Any CPU
		{BA6AECE5-9862-49F8-B5CD-0AAFA647B754}.Ad-Hoc|iPhone.ActiveCfg = Release|Any CPU
		{BA6AECE5-9862-49F8-B5CD-0AAFA647B754}.Ad-Hoc|iPhone.Build.0 = Release|Any CPU
		{BA6AECE5-9862-49F8-B5CD-0AAFA647B754}.Ad-Hoc|iPhoneSimulator.ActiveCfg = Release|Any CPU
		{BA6AECE5-9862-49F8-B5CD-0AAFA647B754}.Ad-Hoc|iPhoneSimulator.Build.0 = Release|Any CPU
		{BA6AECE5-9862-49F8-B5CD-0AAFA647B754}.Ad-Hoc|x64.ActiveCfg = Release|Any CPU
		{BA6AECE5-9862-49F8-B5CD-0AAFA647B754}.Ad-Hoc|x64.Build.0 = Release|Any CPU
		{BA6AECE5-9862-49F8-B5CD-0AAFA647B754}.Ad-Hoc|x86.ActiveCfg = Release|Any CPU
		{BA6AECE5-9862-49F8-B5CD-0AAFA647B754}.Ad-Hoc|x86.Build.0 = Release|Any CPU
		{BA6AECE5-9862-49F8-B5CD-0AAFA647B754}.AppStore|Any CPU.ActiveCfg = Release|Any CPU
		{BA6AECE5-9862-49F8-B5CD-0AAFA647B754}.AppStore|Any CPU.Build.0 = Release|Any CPU
		{BA6AECE5-9862-49F8-B5CD-0AAFA647B754}.AppStore|ARM.ActiveCfg = Release|Any CPU
		{BA6AECE5-9862-49F8-B5CD-0AAFA647B754}.AppStore|ARM.Build.0 = Release|Any CPU
		{BA6AECE5-9862-49F8-B5CD-0AAFA647B754}.AppStore|iPhone.ActiveCfg = Release|Any CPU
		{BA6AECE5-9862-49F8-B5CD-0AAFA647B754}.AppStore|iPhone.Build.0 = Release|Any CPU
		{BA6AECE5-9862-49F8-B5CD-0AAFA647B754}.AppStore|iPhoneSimulator.ActiveCfg = Release|Any CPU
		{BA6AECE5-9862-49F8-B5CD-0AAFA647B754}.AppStore|iPhoneSimulator.Build.0 = Release|Any CPU
		{BA6AECE5-9862-49F8-B5CD-0AAFA647B754}.AppStore|x64.ActiveCfg = Release|Any CPU
		{BA6AECE5-9862-49F8-B5CD-0AAFA647B754}.AppStore|x64.Build.0 = Release|Any CPU
		{BA6AECE5-9862-49F8-B5CD-0AAFA647B754}.AppStore|x86.ActiveCfg = Release|Any CPU
		{BA6AECE5-9862-49F8-B5CD-0AAFA647B754}.AppStore|x86.Build.0 = Release|Any CPU
		{BA6AECE5-9862-49F8-B5CD-0AAFA647B754}.Debug|Any CPU.ActiveCfg = Debug|Any CPU
		{BA6AECE5-9862-49F8-B5CD-0AAFA647B754}.Debug|Any CPU.Build.0 = Debug|Any CPU
		{BA6AECE5-9862-49F8-B5CD-0AAFA647B754}.Debug|ARM.ActiveCfg = Debug|Any CPU
		{BA6AECE5-9862-49F8-B5CD-0AAFA647B754}.Debug|ARM.Build.0 = Debug|Any CPU
		{BA6AECE5-9862-49F8-B5CD-0AAFA647B754}.Debug|iPhone.ActiveCfg = Debug|Any CPU
		{BA6AECE5-9862-49F8-B5CD-0AAFA647B754}.Debug|iPhone.Build.0 = Debug|Any CPU
		{BA6AECE5-9862-49F8-B5CD-0AAFA647B754}.Debug|iPhoneSimulator.ActiveCfg = Debug|Any CPU
		{BA6AECE5-9862-49F8-B5CD-0AAFA647B754}.Debug|iPhoneSimulator.Build.0 = Debug|Any CPU
		{BA6AECE5-9862-49F8-B5CD-0AAFA647B754}.Debug|x64.ActiveCfg = Debug|Any CPU
		{BA6AECE5-9862-49F8-B5CD-0AAFA647B754}.Debug|x64.Build.0 = Debug|Any CPU
		{BA6AECE5-9862-49F8-B5CD-0AAFA647B754}.Debug|x86.ActiveCfg = Debug|Any CPU
		{BA6AECE5-9862-49F8-B5CD-0AAFA647B754}.Debug|x86.Build.0 = Debug|Any CPU
		{BA6AECE5-9862-49F8-B5CD-0AAFA647B754}.Release|Any CPU.ActiveCfg = Release|Any CPU
		{BA6AECE5-9862-49F8-B5CD-0AAFA647B754}.Release|Any CPU.Build.0 = Release|Any CPU
		{BA6AECE5-9862-49F8-B5CD-0AAFA647B754}.Release|ARM.ActiveCfg = Release|Any CPU
		{BA6AECE5-9862-49F8-B5CD-0AAFA647B754}.Release|ARM.Build.0 = Release|Any CPU
		{BA6AECE5-9862-49F8-B5CD-0AAFA647B754}.Release|iPhone.ActiveCfg = Release|Any CPU
		{BA6AECE5-9862-49F8-B5CD-0AAFA647B754}.Release|iPhone.Build.0 = Release|Any CPU
		{BA6AECE5-9862-49F8-B5CD-0AAFA647B754}.Release|iPhoneSimulator.ActiveCfg = Release|Any CPU
		{BA6AECE5-9862-49F8-B5CD-0AAFA647B754}.Release|iPhoneSimulator.Build.0 = Release|Any CPU
		{BA6AECE5-9862-49F8-B5CD-0AAFA647B754}.Release|x64.ActiveCfg = Release|Any CPU
		{BA6AECE5-9862-49F8-B5CD-0AAFA647B754}.Release|x64.Build.0 = Release|Any CPU
		{BA6AECE5-9862-49F8-B5CD-0AAFA647B754}.Release|x86.ActiveCfg = Release|Any CPU
		{BA6AECE5-9862-49F8-B5CD-0AAFA647B754}.Release|x86.Build.0 = Release|Any CPU
		{A5FA3D58-8E91-434A-908C-99A76D645FEA}.Ad-Hoc|Any CPU.ActiveCfg = Release|x86
		{A5FA3D58-8E91-434A-908C-99A76D645FEA}.Ad-Hoc|Any CPU.Build.0 = Release|x86
		{A5FA3D58-8E91-434A-908C-99A76D645FEA}.Ad-Hoc|Any CPU.Deploy.0 = Release|x86
		{A5FA3D58-8E91-434A-908C-99A76D645FEA}.Ad-Hoc|ARM.ActiveCfg = Release|ARM
		{A5FA3D58-8E91-434A-908C-99A76D645FEA}.Ad-Hoc|ARM.Build.0 = Release|ARM
		{A5FA3D58-8E91-434A-908C-99A76D645FEA}.Ad-Hoc|ARM.Deploy.0 = Release|ARM
		{A5FA3D58-8E91-434A-908C-99A76D645FEA}.Ad-Hoc|iPhone.ActiveCfg = Release|x86
		{A5FA3D58-8E91-434A-908C-99A76D645FEA}.Ad-Hoc|iPhone.Build.0 = Release|x86
		{A5FA3D58-8E91-434A-908C-99A76D645FEA}.Ad-Hoc|iPhone.Deploy.0 = Release|x86
		{A5FA3D58-8E91-434A-908C-99A76D645FEA}.Ad-Hoc|iPhoneSimulator.ActiveCfg = Release|x86
		{A5FA3D58-8E91-434A-908C-99A76D645FEA}.Ad-Hoc|iPhoneSimulator.Build.0 = Release|x86
		{A5FA3D58-8E91-434A-908C-99A76D645FEA}.Ad-Hoc|iPhoneSimulator.Deploy.0 = Release|x86
		{A5FA3D58-8E91-434A-908C-99A76D645FEA}.Ad-Hoc|x64.ActiveCfg = Release|x64
		{A5FA3D58-8E91-434A-908C-99A76D645FEA}.Ad-Hoc|x64.Build.0 = Release|x64
		{A5FA3D58-8E91-434A-908C-99A76D645FEA}.Ad-Hoc|x64.Deploy.0 = Release|x64
		{A5FA3D58-8E91-434A-908C-99A76D645FEA}.Ad-Hoc|x86.ActiveCfg = Release|x86
		{A5FA3D58-8E91-434A-908C-99A76D645FEA}.Ad-Hoc|x86.Build.0 = Release|x86
		{A5FA3D58-8E91-434A-908C-99A76D645FEA}.Ad-Hoc|x86.Deploy.0 = Release|x86
		{A5FA3D58-8E91-434A-908C-99A76D645FEA}.AppStore|Any CPU.ActiveCfg = Release|x86
		{A5FA3D58-8E91-434A-908C-99A76D645FEA}.AppStore|Any CPU.Build.0 = Release|x86
		{A5FA3D58-8E91-434A-908C-99A76D645FEA}.AppStore|Any CPU.Deploy.0 = Release|x86
		{A5FA3D58-8E91-434A-908C-99A76D645FEA}.AppStore|ARM.ActiveCfg = Release|ARM
		{A5FA3D58-8E91-434A-908C-99A76D645FEA}.AppStore|ARM.Build.0 = Release|ARM
		{A5FA3D58-8E91-434A-908C-99A76D645FEA}.AppStore|ARM.Deploy.0 = Release|ARM
		{A5FA3D58-8E91-434A-908C-99A76D645FEA}.AppStore|iPhone.ActiveCfg = Release|x86
		{A5FA3D58-8E91-434A-908C-99A76D645FEA}.AppStore|iPhone.Build.0 = Release|x86
		{A5FA3D58-8E91-434A-908C-99A76D645FEA}.AppStore|iPhone.Deploy.0 = Release|x86
		{A5FA3D58-8E91-434A-908C-99A76D645FEA}.AppStore|iPhoneSimulator.ActiveCfg = Release|x86
		{A5FA3D58-8E91-434A-908C-99A76D645FEA}.AppStore|iPhoneSimulator.Build.0 = Release|x86
		{A5FA3D58-8E91-434A-908C-99A76D645FEA}.AppStore|iPhoneSimulator.Deploy.0 = Release|x86
		{A5FA3D58-8E91-434A-908C-99A76D645FEA}.AppStore|x64.ActiveCfg = Release|x64
		{A5FA3D58-8E91-434A-908C-99A76D645FEA}.AppStore|x64.Build.0 = Release|x64
		{A5FA3D58-8E91-434A-908C-99A76D645FEA}.AppStore|x64.Deploy.0 = Release|x64
		{A5FA3D58-8E91-434A-908C-99A76D645FEA}.AppStore|x86.ActiveCfg = Release|x86
		{A5FA3D58-8E91-434A-908C-99A76D645FEA}.AppStore|x86.Build.0 = Release|x86
		{A5FA3D58-8E91-434A-908C-99A76D645FEA}.AppStore|x86.Deploy.0 = Release|x86
		{A5FA3D58-8E91-434A-908C-99A76D645FEA}.Debug|Any CPU.ActiveCfg = Debug|x86
		{A5FA3D58-8E91-434A-908C-99A76D645FEA}.Debug|ARM.ActiveCfg = Debug|ARM
		{A5FA3D58-8E91-434A-908C-99A76D645FEA}.Debug|ARM.Build.0 = Debug|ARM
		{A5FA3D58-8E91-434A-908C-99A76D645FEA}.Debug|ARM.Deploy.0 = Debug|ARM
		{A5FA3D58-8E91-434A-908C-99A76D645FEA}.Debug|iPhone.ActiveCfg = Debug|x86
		{A5FA3D58-8E91-434A-908C-99A76D645FEA}.Debug|iPhoneSimulator.ActiveCfg = Debug|x86
		{A5FA3D58-8E91-434A-908C-99A76D645FEA}.Debug|x64.ActiveCfg = Debug|x64
		{A5FA3D58-8E91-434A-908C-99A76D645FEA}.Debug|x64.Build.0 = Debug|x64
		{A5FA3D58-8E91-434A-908C-99A76D645FEA}.Debug|x64.Deploy.0 = Debug|x64
		{A5FA3D58-8E91-434A-908C-99A76D645FEA}.Debug|x86.ActiveCfg = Debug|x86
		{A5FA3D58-8E91-434A-908C-99A76D645FEA}.Debug|x86.Build.0 = Debug|x86
		{A5FA3D58-8E91-434A-908C-99A76D645FEA}.Debug|x86.Deploy.0 = Debug|x86
		{A5FA3D58-8E91-434A-908C-99A76D645FEA}.Release|Any CPU.ActiveCfg = Release|x86
		{A5FA3D58-8E91-434A-908C-99A76D645FEA}.Release|ARM.ActiveCfg = Release|ARM
		{A5FA3D58-8E91-434A-908C-99A76D645FEA}.Release|ARM.Build.0 = Release|ARM
		{A5FA3D58-8E91-434A-908C-99A76D645FEA}.Release|ARM.Deploy.0 = Release|ARM
		{A5FA3D58-8E91-434A-908C-99A76D645FEA}.Release|iPhone.ActiveCfg = Release|x86
		{A5FA3D58-8E91-434A-908C-99A76D645FEA}.Release|iPhoneSimulator.ActiveCfg = Release|x86
		{A5FA3D58-8E91-434A-908C-99A76D645FEA}.Release|x64.ActiveCfg = Release|x64
		{A5FA3D58-8E91-434A-908C-99A76D645FEA}.Release|x64.Build.0 = Release|x64
		{A5FA3D58-8E91-434A-908C-99A76D645FEA}.Release|x64.Deploy.0 = Release|x64
		{A5FA3D58-8E91-434A-908C-99A76D645FEA}.Release|x86.ActiveCfg = Release|x86
		{A5FA3D58-8E91-434A-908C-99A76D645FEA}.Release|x86.Build.0 = Release|x86
		{A5FA3D58-8E91-434A-908C-99A76D645FEA}.Release|x86.Deploy.0 = Release|x86
		{E674594D-46E2-41FC-B61D-74A7F245E1BE}.Ad-Hoc|Any CPU.ActiveCfg = Ad-Hoc|iPhoneSimulator
		{E674594D-46E2-41FC-B61D-74A7F245E1BE}.Ad-Hoc|ARM.ActiveCfg = Ad-Hoc|iPhone
		{E674594D-46E2-41FC-B61D-74A7F245E1BE}.Ad-Hoc|iPhone.ActiveCfg = Ad-Hoc|iPhone
		{E674594D-46E2-41FC-B61D-74A7F245E1BE}.Ad-Hoc|iPhone.Build.0 = Ad-Hoc|iPhone
		{E674594D-46E2-41FC-B61D-74A7F245E1BE}.Ad-Hoc|iPhoneSimulator.ActiveCfg = Ad-Hoc|iPhoneSimulator
		{E674594D-46E2-41FC-B61D-74A7F245E1BE}.Ad-Hoc|iPhoneSimulator.Build.0 = Ad-Hoc|iPhoneSimulator
		{E674594D-46E2-41FC-B61D-74A7F245E1BE}.Ad-Hoc|x64.ActiveCfg = Ad-Hoc|iPhone
		{E674594D-46E2-41FC-B61D-74A7F245E1BE}.Ad-Hoc|x86.ActiveCfg = Ad-Hoc|iPhone
		{E674594D-46E2-41FC-B61D-74A7F245E1BE}.AppStore|Any CPU.ActiveCfg = AppStore|iPhoneSimulator
		{E674594D-46E2-41FC-B61D-74A7F245E1BE}.AppStore|ARM.ActiveCfg = AppStore|iPhone
		{E674594D-46E2-41FC-B61D-74A7F245E1BE}.AppStore|iPhone.ActiveCfg = AppStore|iPhone
		{E674594D-46E2-41FC-B61D-74A7F245E1BE}.AppStore|iPhone.Build.0 = AppStore|iPhone
		{E674594D-46E2-41FC-B61D-74A7F245E1BE}.AppStore|iPhoneSimulator.ActiveCfg = AppStore|iPhoneSimulator
		{E674594D-46E2-41FC-B61D-74A7F245E1BE}.AppStore|iPhoneSimulator.Build.0 = AppStore|iPhoneSimulator
		{E674594D-46E2-41FC-B61D-74A7F245E1BE}.AppStore|x64.ActiveCfg = AppStore|iPhone
		{E674594D-46E2-41FC-B61D-74A7F245E1BE}.AppStore|x86.ActiveCfg = AppStore|iPhone
		{E674594D-46E2-41FC-B61D-74A7F245E1BE}.Debug|Any CPU.ActiveCfg = Debug|iPhoneSimulator
		{E674594D-46E2-41FC-B61D-74A7F245E1BE}.Debug|ARM.ActiveCfg = Debug|iPhone
		{E674594D-46E2-41FC-B61D-74A7F245E1BE}.Debug|iPhone.ActiveCfg = Debug|iPhone
		{E674594D-46E2-41FC-B61D-74A7F245E1BE}.Debug|iPhone.Build.0 = Debug|iPhone
		{E674594D-46E2-41FC-B61D-74A7F245E1BE}.Debug|iPhoneSimulator.ActiveCfg = Debug|iPhoneSimulator
		{E674594D-46E2-41FC-B61D-74A7F245E1BE}.Debug|iPhoneSimulator.Build.0 = Debug|iPhoneSimulator
		{E674594D-46E2-41FC-B61D-74A7F245E1BE}.Debug|x64.ActiveCfg = Debug|iPhone
		{E674594D-46E2-41FC-B61D-74A7F245E1BE}.Debug|x86.ActiveCfg = Debug|iPhone
		{E674594D-46E2-41FC-B61D-74A7F245E1BE}.Release|Any CPU.ActiveCfg = Release|iPhoneSimulator
		{E674594D-46E2-41FC-B61D-74A7F245E1BE}.Release|ARM.ActiveCfg = Release|iPhone
		{E674594D-46E2-41FC-B61D-74A7F245E1BE}.Release|iPhone.ActiveCfg = Release|iPhone
		{E674594D-46E2-41FC-B61D-74A7F245E1BE}.Release|iPhone.Build.0 = Release|iPhone
		{E674594D-46E2-41FC-B61D-74A7F245E1BE}.Release|iPhoneSimulator.ActiveCfg = Release|iPhoneSimulator
		{E674594D-46E2-41FC-B61D-74A7F245E1BE}.Release|iPhoneSimulator.Build.0 = Release|iPhoneSimulator
		{E674594D-46E2-41FC-B61D-74A7F245E1BE}.Release|x64.ActiveCfg = Release|iPhone
		{E674594D-46E2-41FC-B61D-74A7F245E1BE}.Release|x86.ActiveCfg = Release|iPhone
	EndGlobalSection
	GlobalSection(SolutionProperties) = preSolution
		HideSolutionNode = FALSE
	EndGlobalSection
	GlobalSection(ExtensibilityGlobals) = postSolution
		SolutionGuid = {F0BF3F63-3FAE-4DB8-9D50-C2BF04DA0E6B}
	EndGlobalSection
EndGlobal
